// !$*UTF8*$!
{
	archiveVersion = 1;
	classes = {
	};
	objectVersion = 48;
	objects = {

/* Begin PBXBuildFile section */
		BB653CA41F4F54FE00C330F3 /* AppDelegate.swift in Sources */ = {isa = PBXBuildFile; fileRef = BB653CA31F4F54FE00C330F3 /* AppDelegate.swift */; };
		BB653CA61F4F54FE00C330F3 /* art.scnassets in Resources */ = {isa = PBXBuildFile; fileRef = BB653CA51F4F54FE00C330F3 /* art.scnassets */; };
		BB653CA81F4F54FE00C330F3 /* ViewController.swift in Sources */ = {isa = PBXBuildFile; fileRef = BB653CA71F4F54FE00C330F3 /* ViewController.swift */; };
		BB653CAB1F4F54FE00C330F3 /* Main.storyboard in Resources */ = {isa = PBXBuildFile; fileRef = BB653CA91F4F54FE00C330F3 /* Main.storyboard */; };
		BB653CAD1F4F54FE00C330F3 /* Assets.xcassets in Resources */ = {isa = PBXBuildFile; fileRef = BB653CAC1F4F54FE00C330F3 /* Assets.xcassets */; };
		BB653CB01F4F54FE00C330F3 /* LaunchScreen.storyboard in Resources */ = {isa = PBXBuildFile; fileRef = BB653CAE1F4F54FE00C330F3 /* LaunchScreen.storyboard */; };
		BB653CBB1F4F54FE00C330F3 /* Mr_MeeseeksTests.swift in Sources */ = {isa = PBXBuildFile; fileRef = BB653CBA1F4F54FE00C330F3 /* Mr_MeeseeksTests.swift */; };
		BB653CC61F4F54FE00C330F3 /* Mr_MeeseeksUITests.swift in Sources */ = {isa = PBXBuildFile; fileRef = BB653CC51F4F54FE00C330F3 /* Mr_MeeseeksUITests.swift */; };
/* End PBXBuildFile section */

/* Begin PBXContainerItemProxy section */
		BB653CB71F4F54FE00C330F3 /* PBXContainerItemProxy */ = {
			isa = PBXContainerItemProxy;
			containerPortal = BB653C981F4F54FE00C330F3 /* Project object */;
			proxyType = 1;
			remoteGlobalIDString = BB653C9F1F4F54FE00C330F3;
			remoteInfo = "Mr Meeseeks";
		};
		BB653CC21F4F54FE00C330F3 /* PBXContainerItemProxy */ = {
			isa = PBXContainerItemProxy;
			containerPortal = BB653C981F4F54FE00C330F3 /* Project object */;
			proxyType = 1;
			remoteGlobalIDString = BB653C9F1F4F54FE00C330F3;
			remoteInfo = "Mr Meeseeks";
		};
/* End PBXContainerItemProxy section */

/* Begin PBXFileReference section */
		BB653CA01F4F54FE00C330F3 /* Mr Meeseeks.app */ = {isa = PBXFileReference; explicitFileType = wrapper.application; includeInIndex = 0; path = "Mr Meeseeks.app"; sourceTree = BUILT_PRODUCTS_DIR; };
		BB653CA31F4F54FE00C330F3 /* AppDelegate.swift */ = {isa = PBXFileReference; lastKnownFileType = sourcecode.swift; path = AppDelegate.swift; sourceTree = "<group>"; };
		BB653CA51F4F54FE00C330F3 /* art.scnassets */ = {isa = PBXFileReference; lastKnownFileType = wrapper.scnassets; path = art.scnassets; sourceTree = "<group>"; };
		BB653CA71F4F54FE00C330F3 /* ViewController.swift */ = {isa = PBXFileReference; lastKnownFileType = sourcecode.swift; path = ViewController.swift; sourceTree = "<group>"; };
		BB653CAA1F4F54FE00C330F3 /* Base */ = {isa = PBXFileReference; lastKnownFileType = file.storyboard; name = Base; path = Base.lproj/Main.storyboard; sourceTree = "<group>"; };
		BB653CAC1F4F54FE00C330F3 /* Assets.xcassets */ = {isa = PBXFileReference; lastKnownFileType = folder.assetcatalog; path = Assets.xcassets; sourceTree = "<group>"; };
		BB653CAF1F4F54FE00C330F3 /* Base */ = {isa = PBXFileReference; lastKnownFileType = file.storyboard; name = Base; path = Base.lproj/LaunchScreen.storyboard; sourceTree = "<group>"; };
		BB653CB11F4F54FE00C330F3 /* Info.plist */ = {isa = PBXFileReference; lastKnownFileType = text.plist.xml; path = Info.plist; sourceTree = "<group>"; };
		BB653CB61F4F54FE00C330F3 /* Mr MeeseeksTests.xctest */ = {isa = PBXFileReference; explicitFileType = wrapper.cfbundle; includeInIndex = 0; path = "Mr MeeseeksTests.xctest"; sourceTree = BUILT_PRODUCTS_DIR; };
		BB653CBA1F4F54FE00C330F3 /* Mr_MeeseeksTests.swift */ = {isa = PBXFileReference; lastKnownFileType = sourcecode.swift; path = Mr_MeeseeksTests.swift; sourceTree = "<group>"; };
		BB653CBC1F4F54FE00C330F3 /* Info.plist */ = {isa = PBXFileReference; lastKnownFileType = text.plist.xml; path = Info.plist; sourceTree = "<group>"; };
		BB653CC11F4F54FE00C330F3 /* Mr MeeseeksUITests.xctest */ = {isa = PBXFileReference; explicitFileType = wrapper.cfbundle; includeInIndex = 0; path = "Mr MeeseeksUITests.xctest"; sourceTree = BUILT_PRODUCTS_DIR; };
		BB653CC51F4F54FE00C330F3 /* Mr_MeeseeksUITests.swift */ = {isa = PBXFileReference; lastKnownFileType = sourcecode.swift; path = Mr_MeeseeksUITests.swift; sourceTree = "<group>"; };
		BB653CC71F4F54FE00C330F3 /* Info.plist */ = {isa = PBXFileReference; lastKnownFileType = text.plist.xml; path = Info.plist; sourceTree = "<group>"; };
/* End PBXFileReference section */

/* Begin PBXFrameworksBuildPhase section */
		BB653C9D1F4F54FE00C330F3 /* Frameworks */ = {
			isa = PBXFrameworksBuildPhase;
			buildActionMask = 2147483647;
			files = (
			);
			runOnlyForDeploymentPostprocessing = 0;
		};
		BB653CB31F4F54FE00C330F3 /* Frameworks */ = {
			isa = PBXFrameworksBuildPhase;
			buildActionMask = 2147483647;
			files = (
			);
			runOnlyForDeploymentPostprocessing = 0;
		};
		BB653CBE1F4F54FE00C330F3 /* Frameworks */ = {
			isa = PBXFrameworksBuildPhase;
			buildActionMask = 2147483647;
			files = (
			);
			runOnlyForDeploymentPostprocessing = 0;
		};
/* End PBXFrameworksBuildPhase section */

/* Begin PBXGroup section */
		BB653C971F4F54FE00C330F3 = {
			isa = PBXGroup;
			children = (
				BB653CA21F4F54FE00C330F3 /* Mr Meeseeks */,
				BB653CB91F4F54FE00C330F3 /* Mr MeeseeksTests */,
				BB653CC41F4F54FE00C330F3 /* Mr MeeseeksUITests */,
				BB653CA11F4F54FE00C330F3 /* Products */,
			);
			sourceTree = "<group>";
		};
		BB653CA11F4F54FE00C330F3 /* Products */ = {
			isa = PBXGroup;
			children = (
				BB653CA01F4F54FE00C330F3 /* Mr Meeseeks.app */,
				BB653CB61F4F54FE00C330F3 /* Mr MeeseeksTests.xctest */,
				BB653CC11F4F54FE00C330F3 /* Mr MeeseeksUITests.xctest */,
			);
			name = Products;
			sourceTree = "<group>";
		};
		BB653CA21F4F54FE00C330F3 /* Mr Meeseeks */ = {
			isa = PBXGroup;
			children = (
				BB653CA31F4F54FE00C330F3 /* AppDelegate.swift */,
				BB653CA51F4F54FE00C330F3 /* art.scnassets */,
				BB653CA71F4F54FE00C330F3 /* ViewController.swift */,
				BB653CA91F4F54FE00C330F3 /* Main.storyboard */,
				BB653CAC1F4F54FE00C330F3 /* Assets.xcassets */,
				BB653CAE1F4F54FE00C330F3 /* LaunchScreen.storyboard */,
				BB653CB11F4F54FE00C330F3 /* Info.plist */,
			);
			path = "Mr Meeseeks";
			sourceTree = "<group>";
		};
		BB653CB91F4F54FE00C330F3 /* Mr MeeseeksTests */ = {
			isa = PBXGroup;
			children = (
				BB653CBA1F4F54FE00C330F3 /* Mr_MeeseeksTests.swift */,
				BB653CBC1F4F54FE00C330F3 /* Info.plist */,
			);
			path = "Mr MeeseeksTests";
			sourceTree = "<group>";
		};
		BB653CC41F4F54FE00C330F3 /* Mr MeeseeksUITests */ = {
			isa = PBXGroup;
			children = (
				BB653CC51F4F54FE00C330F3 /* Mr_MeeseeksUITests.swift */,
				BB653CC71F4F54FE00C330F3 /* Info.plist */,
			);
			path = "Mr MeeseeksUITests";
			sourceTree = "<group>";
		};
/* End PBXGroup section */

/* Begin PBXNativeTarget section */
		BB653C9F1F4F54FE00C330F3 /* Mr Meeseeks */ = {
			isa = PBXNativeTarget;
			buildConfigurationList = BB653CCA1F4F54FE00C330F3 /* Build configuration list for PBXNativeTarget "Mr Meeseeks" */;
			buildPhases = (
				BB653C9C1F4F54FE00C330F3 /* Sources */,
				BB653C9D1F4F54FE00C330F3 /* Frameworks */,
				BB653C9E1F4F54FE00C330F3 /* Resources */,
			);
			buildRules = (
			);
			dependencies = (
			);
			name = "Mr Meeseeks";
			productName = "Mr Meeseeks";
			productReference = BB653CA01F4F54FE00C330F3 /* Mr Meeseeks.app */;
			productType = "com.apple.product-type.application";
		};
		BB653CB51F4F54FE00C330F3 /* Mr MeeseeksTests */ = {
			isa = PBXNativeTarget;
			buildConfigurationList = BB653CCD1F4F54FE00C330F3 /* Build configuration list for PBXNativeTarget "Mr MeeseeksTests" */;
			buildPhases = (
				BB653CB21F4F54FE00C330F3 /* Sources */,
				BB653CB31F4F54FE00C330F3 /* Frameworks */,
				BB653CB41F4F54FE00C330F3 /* Resources */,
			);
			buildRules = (
			);
			dependencies = (
				BB653CB81F4F54FE00C330F3 /* PBXTargetDependency */,
			);
			name = "Mr MeeseeksTests";
			productName = "Mr MeeseeksTests";
			productReference = BB653CB61F4F54FE00C330F3 /* Mr MeeseeksTests.xctest */;
			productType = "com.apple.product-type.bundle.unit-test";
		};
		BB653CC01F4F54FE00C330F3 /* Mr MeeseeksUITests */ = {
			isa = PBXNativeTarget;
			buildConfigurationList = BB653CD01F4F54FE00C330F3 /* Build configuration list for PBXNativeTarget "Mr MeeseeksUITests" */;
			buildPhases = (
				BB653CBD1F4F54FE00C330F3 /* Sources */,
				BB653CBE1F4F54FE00C330F3 /* Frameworks */,
				BB653CBF1F4F54FE00C330F3 /* Resources */,
			);
			buildRules = (
			);
			dependencies = (
				BB653CC31F4F54FE00C330F3 /* PBXTargetDependency */,
			);
			name = "Mr MeeseeksUITests";
			productName = "Mr MeeseeksUITests";
			productReference = BB653CC11F4F54FE00C330F3 /* Mr MeeseeksUITests.xctest */;
			productType = "com.apple.product-type.bundle.ui-testing";
		};
/* End PBXNativeTarget section */

/* Begin PBXProject section */
		BB653C981F4F54FE00C330F3 /* Project object */ = {
			isa = PBXProject;
			attributes = {
				LastSwiftUpdateCheck = 0900;
				LastUpgradeCheck = 0900;
				ORGANIZATIONNAME = "Samman Thapa";
				TargetAttributes = {
					BB653C9F1F4F54FE00C330F3 = {
						CreatedOnToolsVersion = 9.0;
						ProvisioningStyle = Automatic;
					};
					BB653CB51F4F54FE00C330F3 = {
						CreatedOnToolsVersion = 9.0;
						ProvisioningStyle = Automatic;
						TestTargetID = BB653C9F1F4F54FE00C330F3;
					};
					BB653CC01F4F54FE00C330F3 = {
						CreatedOnToolsVersion = 9.0;
						ProvisioningStyle = Automatic;
						TestTargetID = BB653C9F1F4F54FE00C330F3;
					};
				};
			};
			buildConfigurationList = BB653C9B1F4F54FE00C330F3 /* Build configuration list for PBXProject "Mr Meeseeks" */;
			compatibilityVersion = "Xcode 8.0";
			developmentRegion = en;
			hasScannedForEncodings = 0;
			knownRegions = (
				en,
				Base,
			);
			mainGroup = BB653C971F4F54FE00C330F3;
			productRefGroup = BB653CA11F4F54FE00C330F3 /* Products */;
			projectDirPath = "";
			projectRoot = "";
			targets = (
				BB653C9F1F4F54FE00C330F3 /* Mr Meeseeks */,
				BB653CB51F4F54FE00C330F3 /* Mr MeeseeksTests */,
				BB653CC01F4F54FE00C330F3 /* Mr MeeseeksUITests */,
			);
		};
/* End PBXProject section */

/* Begin PBXResourcesBuildPhase section */
		BB653C9E1F4F54FE00C330F3 /* Resources */ = {
			isa = PBXResourcesBuildPhase;
			buildActionMask = 2147483647;
			files = (
				BB653CA61F4F54FE00C330F3 /* art.scnassets in Resources */,
				BB653CB01F4F54FE00C330F3 /* LaunchScreen.storyboard in Resources */,
				BB653CAD1F4F54FE00C330F3 /* Assets.xcassets in Resources */,
				BB653CAB1F4F54FE00C330F3 /* Main.storyboard in Resources */,
			);
			runOnlyForDeploymentPostprocessing = 0;
		};
		BB653CB41F4F54FE00C330F3 /* Resources */ = {
			isa = PBXResourcesBuildPhase;
			buildActionMask = 2147483647;
			files = (
			);
			runOnlyForDeploymentPostprocessing = 0;
		};
		BB653CBF1F4F54FE00C330F3 /* Resources */ = {
			isa = PBXResourcesBuildPhase;
			buildActionMask = 2147483647;
			files = (
			);
			runOnlyForDeploymentPostprocessing = 0;
		};
/* End PBXResourcesBuildPhase section */

/* Begin PBXSourcesBuildPhase section */
		BB653C9C1F4F54FE00C330F3 /* Sources */ = {
			isa = PBXSourcesBuildPhase;
			buildActionMask = 2147483647;
			files = (
				BB653CA81F4F54FE00C330F3 /* ViewController.swift in Sources */,
				BB653CA41F4F54FE00C330F3 /* AppDelegate.swift in Sources */,
			);
			runOnlyForDeploymentPostprocessing = 0;
		};
		BB653CB21F4F54FE00C330F3 /* Sources */ = {
			isa = PBXSourcesBuildPhase;
			buildActionMask = 2147483647;
			files = (
				BB653CBB1F4F54FE00C330F3 /* Mr_MeeseeksTests.swift in Sources */,
			);
			runOnlyForDeploymentPostprocessing = 0;
		};
		BB653CBD1F4F54FE00C330F3 /* Sources */ = {
			isa = PBXSourcesBuildPhase;
			buildActionMask = 2147483647;
			files = (
				BB653CC61F4F54FE00C330F3 /* Mr_MeeseeksUITests.swift in Sources */,
			);
			runOnlyForDeploymentPostprocessing = 0;
		};
/* End PBXSourcesBuildPhase section */

/* Begin PBXTargetDependency section */
		BB653CB81F4F54FE00C330F3 /* PBXTargetDependency */ = {
			isa = PBXTargetDependency;
			target = BB653C9F1F4F54FE00C330F3 /* Mr Meeseeks */;
			targetProxy = BB653CB71F4F54FE00C330F3 /* PBXContainerItemProxy */;
		};
		BB653CC31F4F54FE00C330F3 /* PBXTargetDependency */ = {
			isa = PBXTargetDependency;
			target = BB653C9F1F4F54FE00C330F3 /* Mr Meeseeks */;
			targetProxy = BB653CC21F4F54FE00C330F3 /* PBXContainerItemProxy */;
		};
/* End PBXTargetDependency section */

/* Begin PBXVariantGroup section */
		BB653CA91F4F54FE00C330F3 /* Main.storyboard */ = {
			isa = PBXVariantGroup;
			children = (
				BB653CAA1F4F54FE00C330F3 /* Base */,
			);
			name = Main.storyboard;
			sourceTree = "<group>";
		};
		BB653CAE1F4F54FE00C330F3 /* LaunchScreen.storyboard */ = {
			isa = PBXVariantGroup;
			children = (
				BB653CAF1F4F54FE00C330F3 /* Base */,
			);
			name = LaunchScreen.storyboard;
			sourceTree = "<group>";
		};
/* End PBXVariantGroup section */

/* Begin XCBuildConfiguration section */
		BB653CC81F4F54FE00C330F3 /* Debug */ = {
			isa = XCBuildConfiguration;
			buildSettings = {
				ALWAYS_SEARCH_USER_PATHS = NO;
				CLANG_ANALYZER_NONNULL = YES;
				CLANG_ANALYZER_NUMBER_OBJECT_CONVERSION = YES_AGGRESSIVE;
				CLANG_CXX_LANGUAGE_STANDARD = "gnu++14";
				CLANG_CXX_LIBRARY = "libc++";
				CLANG_ENABLE_MODULES = YES;
				CLANG_ENABLE_OBJC_ARC = YES;
				CLANG_WARN_BLOCK_CAPTURE_AUTORELEASING = YES;
				CLANG_WARN_BOOL_CONVERSION = YES;
				CLANG_WARN_COMMA = YES;
				CLANG_WARN_CONSTANT_CONVERSION = YES;
				CLANG_WARN_DIRECT_OBJC_ISA_USAGE = YES_ERROR;
				CLANG_WARN_DOCUMENTATION_COMMENTS = YES;
				CLANG_WARN_EMPTY_BODY = YES;
				CLANG_WARN_ENUM_CONVERSION = YES;
				CLANG_WARN_INFINITE_RECURSION = YES;
				CLANG_WARN_INT_CONVERSION = YES;
				CLANG_WARN_NON_LITERAL_NULL_CONVERSION = YES;
				CLANG_WARN_OBJC_LITERAL_CONVERSION = YES;
				CLANG_WARN_OBJC_ROOT_CLASS = YES_ERROR;
				CLANG_WARN_RANGE_LOOP_ANALYSIS = YES;
				CLANG_WARN_STRICT_PROTOTYPES = YES;
				CLANG_WARN_SUSPICIOUS_MOVE = YES;
				CLANG_WARN_UNGUARDED_AVAILABILITY = YES_AGGRESSIVE;
				CLANG_WARN_UNREACHABLE_CODE = YES;
				CLANG_WARN__DUPLICATE_METHOD_MATCH = YES;
				CODE_SIGN_IDENTITY = "iPhone Developer";
				COPY_PHASE_STRIP = NO;
				DEBUG_INFORMATION_FORMAT = dwarf;
				ENABLE_STRICT_OBJC_MSGSEND = YES;
				ENABLE_TESTABILITY = YES;
				GCC_C_LANGUAGE_STANDARD = gnu11;
				GCC_DYNAMIC_NO_PIC = NO;
				GCC_NO_COMMON_BLOCKS = YES;
				GCC_OPTIMIZATION_LEVEL = 0;
				GCC_PREPROCESSOR_DEFINITIONS = (
					"DEBUG=1",
					"$(inherited)",
				);
				GCC_WARN_64_TO_32_BIT_CONVERSION = YES;
				GCC_WARN_ABOUT_RETURN_TYPE = YES_ERROR;
				GCC_WARN_UNDECLARED_SELECTOR = YES;
				GCC_WARN_UNINITIALIZED_AUTOS = YES_AGGRESSIVE;
				GCC_WARN_UNUSED_FUNCTION = YES;
				GCC_WARN_UNUSED_VARIABLE = YES;
				IPHONEOS_DEPLOYMENT_TARGET = 11.0;
				MTL_ENABLE_DEBUG_INFO = YES;
				ONLY_ACTIVE_ARCH = YES;
				SDKROOT = iphoneos;
				SWIFT_ACTIVE_COMPILATION_CONDITIONS = DEBUG;
				SWIFT_OPTIMIZATION_LEVEL = "-Onone";
			};
			name = Debug;
		};
		BB653CC91F4F54FE00C330F3 /* Release */ = {
			isa = XCBuildConfiguration;
			buildSettings = {
				ALWAYS_SEARCH_USER_PATHS = NO;
				CLANG_ANALYZER_NONNULL = YES;
				CLANG_ANALYZER_NUMBER_OBJECT_CONVERSION = YES_AGGRESSIVE;
				CLANG_CXX_LANGUAGE_STANDARD = "gnu++14";
				CLANG_CXX_LIBRARY = "libc++";
				CLANG_ENABLE_MODULES = YES;
				CLANG_ENABLE_OBJC_ARC = YES;
				CLANG_WARN_BLOCK_CAPTURE_AUTORELEASING = YES;
				CLANG_WARN_BOOL_CONVERSION = YES;
				CLANG_WARN_COMMA = YES;
				CLANG_WARN_CONSTANT_CONVERSION = YES;
				CLANG_WARN_DIRECT_OBJC_ISA_USAGE = YES_ERROR;
				CLANG_WARN_DOCUMENTATION_COMMENTS = YES;
				CLANG_WARN_EMPTY_BODY = YES;
				CLANG_WARN_ENUM_CONVERSION = YES;
				CLANG_WARN_INFINITE_RECURSION = YES;
				CLANG_WARN_INT_CONVERSION = YES;
				CLANG_WARN_NON_LITERAL_NULL_CONVERSION = YES;
				CLANG_WARN_OBJC_LITERAL_CONVERSION = YES;
				CLANG_WARN_OBJC_ROOT_CLASS = YES_ERROR;
				CLANG_WARN_RANGE_LOOP_ANALYSIS = YES;
				CLANG_WARN_STRICT_PROTOTYPES = YES;
				CLANG_WARN_SUSPICIOUS_MOVE = YES;
				CLANG_WARN_UNGUARDED_AVAILABILITY = YES_AGGRESSIVE;
				CLANG_WARN_UNREACHABLE_CODE = YES;
				CLANG_WARN__DUPLICATE_METHOD_MATCH = YES;
				CODE_SIGN_IDENTITY = "iPhone Developer";
				COPY_PHASE_STRIP = NO;
				DEBUG_INFORMATION_FORMAT = "dwarf-with-dsym";
				ENABLE_NS_ASSERTIONS = NO;
				ENABLE_STRICT_OBJC_MSGSEND = YES;
				GCC_C_LANGUAGE_STANDARD = gnu11;
				GCC_NO_COMMON_BLOCKS = YES;
				GCC_WARN_64_TO_32_BIT_CONVERSION = YES;
				GCC_WARN_ABOUT_RETURN_TYPE = YES_ERROR;
				GCC_WARN_UNDECLARED_SELECTOR = YES;
				GCC_WARN_UNINITIALIZED_AUTOS = YES_AGGRESSIVE;
				GCC_WARN_UNUSED_FUNCTION = YES;
				GCC_WARN_UNUSED_VARIABLE = YES;
				IPHONEOS_DEPLOYMENT_TARGET = 11.0;
				MTL_ENABLE_DEBUG_INFO = NO;
				SDKROOT = iphoneos;
				SWIFT_OPTIMIZATION_LEVEL = "-Owholemodule";
				VALIDATE_PRODUCT = YES;
			};
			name = Release;
		};
		BB653CCB1F4F54FE00C330F3 /* Debug */ = {
			isa = XCBuildConfiguration;
			buildSettings = {
				ASSETCATALOG_COMPILER_APPICON_NAME = AppIcon;
				CODE_SIGN_STYLE = Automatic;
				DEVELOPMENT_TEAM = K86KHC28SR;
				INFOPLIST_FILE = "Mr Meeseeks/Info.plist";
				LD_RUNPATH_SEARCH_PATHS = "$(inherited) @executable_path/Frameworks";
				PRODUCT_BUNDLE_IDENTIFIER = "com.gwacheys.Mr-Meeseeks";
				PRODUCT_NAME = "$(TARGET_NAME)";
				SWIFT_VERSION = 4.0;
				TARGETED_DEVICE_FAMILY = "1,2";
			};
			name = Debug;
		};
		BB653CCC1F4F54FE00C330F3 /* Release */ = {
			isa = XCBuildConfiguration;
			buildSettings = {
				ASSETCATALOG_COMPILER_APPICON_NAME = AppIcon;
				CODE_SIGN_STYLE = Automatic;
				DEVELOPMENT_TEAM = K86KHC28SR;
				INFOPLIST_FILE = "Mr Meeseeks/Info.plist";
				LD_RUNPATH_SEARCH_PATHS = "$(inherited) @executable_path/Frameworks";
				PRODUCT_BUNDLE_IDENTIFIER = "com.gwacheys.Mr-Meeseeks";
				PRODUCT_NAME = "$(TARGET_NAME)";
				SWIFT_VERSION = 4.0;
				TARGETED_DEVICE_FAMILY = "1,2";
			};
			name = Release;
		};
		BB653CCE1F4F54FE00C330F3 /* Debug */ = {
			isa = XCBuildConfiguration;
			buildSettings = {
				ALWAYS_EMBED_SWIFT_STANDARD_LIBRARIES = YES;
				BUNDLE_LOADER = "$(TEST_HOST)";
				CODE_SIGN_STYLE = Automatic;
				DEVELOPMENT_TEAM = A8AN4X9Q2A;
				INFOPLIST_FILE = "Mr MeeseeksTests/Info.plist";
				LD_RUNPATH_SEARCH_PATHS = "$(inherited) @executable_path/Frameworks @loader_path/Frameworks";
				PRODUCT_BUNDLE_IDENTIFIER = "com.gwacheys.Mr-MeeseeksTests";
				PRODUCT_NAME = "$(TARGET_NAME)";
				SWIFT_VERSION = 4.0;
				TARGETED_DEVICE_FAMILY = "1,2";
				TEST_HOST = "$(BUILT_PRODUCTS_DIR)/Mr Meeseeks.app/Mr Meeseeks";
			};
			name = Debug;
		};
		BB653CCF1F4F54FE00C330F3 /* Release */ = {
			isa = XCBuildConfiguration;
			buildSettings = {
				ALWAYS_EMBED_SWIFT_STANDARD_LIBRARIES = YES;
				BUNDLE_LOADER = "$(TEST_HOST)";
				CODE_SIGN_STYLE = Automatic;
				DEVELOPMENT_TEAM = A8AN4X9Q2A;
				INFOPLIST_FILE = "Mr MeeseeksTests/Info.plist";
				LD_RUNPATH_SEARCH_PATHS = "$(inherited) @executable_path/Frameworks @loader_path/Frameworks";
				PRODUCT_BUNDLE_IDENTIFIER = "com.gwacheys.Mr-MeeseeksTests";
				PRODUCT_NAME = "$(TARGET_NAME)";
				SWIFT_VERSION = 4.0;
				TARGETED_DEVICE_FAMILY = "1,2";
				TEST_HOST = "$(BUILT_PRODUCTS_DIR)/Mr Meeseeks.app/Mr Meeseeks";
			};
			name = Release;
		};
		BB653CD11F4F54FE00C330F3 /* Debug */ = {
			isa = XCBuildConfiguration;
			buildSettings = {
				ALWAYS_EMBED_SWIFT_STANDARD_LIBRARIES = YES;
				CODE_SIGN_STYLE = Automatic;
				DEVELOPMENT_TEAM = A8AN4X9Q2A;
				INFOPLIST_FILE = "Mr MeeseeksUITests/Info.plist";
				LD_RUNPATH_SEARCH_PATHS = "$(inherited) @executable_path/Frameworks @loader_path/Frameworks";
				PRODUCT_BUNDLE_IDENTIFIER = "com.gwacheys.Mr-MeeseeksUITests";
				PRODUCT_NAME = "$(TARGET_NAME)";
				SWIFT_VERSION = 4.0;
				TARGETED_DEVICE_FAMILY = "1,2";
				TEST_TARGET_NAME = "Mr Meeseeks";
			};
			name = Debug;
		};
		BB653CD21F4F54FE00C330F3 /* Release */ = {
			isa = XCBuildConfiguration;
			buildSettings = {
				ALWAYS_EMBED_SWIFT_STANDARD_LIBRARIES = YES;
				CODE_SIGN_STYLE = Automatic;
				DEVELOPMENT_TEAM = A8AN4X9Q2A;
				INFOPLIST_FILE = "Mr MeeseeksUITests/Info.plist";
				LD_RUNPATH_SEARCH_PATHS = "$(inherited) @executable_path/Frameworks @loader_path/Frameworks";
				PRODUCT_BUNDLE_IDENTIFIER = "com.gwacheys.Mr-MeeseeksUITests";
				PRODUCT_NAME = "$(TARGET_NAME)";
				SWIFT_VERSION = 4.0;
				TARGETED_DEVICE_FAMILY = "1,2";
				TEST_TARGET_NAME = "Mr Meeseeks";
			};
			name = Release;
		};
/* End XCBuildConfiguration section */

/* Begin XCConfigurationList section */
		BB653C9B1F4F54FE00C330F3 /* Build configuration list for PBXProject "Mr Meeseeks" */ = {
			isa = XCConfigurationList;
			buildConfigurations = (
				BB653CC81F4F54FE00C330F3 /* Debug */,
				BB653CC91F4F54FE00C330F3 /* Release */,
			);
			defaultConfigurationIsVisible = 0;
			defaultConfigurationName = Release;
		};
		BB653CCA1F4F54FE00C330F3 /* Build configuration list for PBXNativeTarget "Mr Meeseeks" */ = {
			isa = XCConfigurationList;
			buildConfigurations = (
				BB653CCB1F4F54FE00C330F3 /* Debug */,
				BB653CCC1F4F54FE00C330F3 /* Release */,
			);
			defaultConfigurationIsVisible = 0;
			defaultConfigurationName = Release;
		};
		BB653CCD1F4F54FE00C330F3 /* Build configuration list for PBXNativeTarget "Mr MeeseeksTests" */ = {
			isa = XCConfigurationList;
			buildConfigurations = (
				BB653CCE1F4F54FE00C330F3 /* Debug */,
				BB653CCF1F4F54FE00C330F3 /* Release */,
			);
			defaultConfigurationIsVisible = 0;
			defaultConfigurationName = Release;
		};
		BB653CD01F4F54FE00C330F3 /* Build configuration list for PBXNativeTarget "Mr MeeseeksUITests" */ = {
			isa = XCConfigurationList;
			buildConfigurations = (
				BB653CD11F4F54FE00C330F3 /* Debug */,
				BB653CD21F4F54FE00C330F3 /* Release */,
			);
			defaultConfigurationIsVisible = 0;
			defaultConfigurationName = Release;
		};
/* End XCConfigurationList section */
	};
	rootObject = BB653C981F4F54FE00C330F3 /* Project object */;
}
